
Microsoft Visual Studio Solution File, Format Version 12.00
# Visual Studio Version 17
VisualStudioVersion = 17.9.34607.119
MinimumVisualStudioVersion = 10.0.40219.1
Project("{FAE04EC0-301F-11D3-BF4B-00C04F79EFBC}") = "MidMonthlyExam4", "MidMonthlyExam4\MidMonthlyExam4.csproj", "{6DBC630B-F30E-49C6-89D8-FBA84BD9F765}"
EndProject
Project("{FAE04EC0-301F-11D3-BF4B-00C04F79EFBC}") = "MultiTasking", "MultiTasking\MultiTasking.csproj", "{EDF69F51-B0AB-481E-AB94-A3762D438EE7}"
EndProject
Project("{FAE04EC0-301F-11D3-BF4B-00C04F79EFBC}") = "Linq", "Linq\Linq.csproj", "{26C12CE8-2C7B-4F2E-B595-7511E38F401E}"
EndProject
Global
	GlobalSection(SolutionConfigurationPlatforms) = preSolution
		Debug|Any CPU = Debug|Any CPU
		Release|Any CPU = Release|Any CPU
	EndGlobalSection
	GlobalSection(ProjectConfigurationPlatforms) = postSolution
		{6DBC630B-F30E-49C6-89D8-FBA84BD9F765}.Debug|Any CPU.ActiveCfg = Debug|Any CPU
		{6DBC630B-F30E-49C6-89D8-FBA84BD9F765}.Debug|Any CPU.Build.0 = Debug|Any CPU
		{6DBC630B-F30E-49C6-89D8-FBA84BD9F765}.Release|Any CPU.ActiveCfg = Release|Any CPU
		{6DBC630B-F30E-49C6-89D8-FBA84BD9F765}.Release|Any CPU.Build.0 = Release|Any CPU
		{EDF69F51-B0AB-481E-AB94-A3762D438EE7}.Debug|Any CPU.ActiveCfg = Debug|Any CPU
		{EDF69F51-B0AB-481E-AB94-A3762D438EE7}.Debug|Any CPU.Build.0 = Debug|Any CPU
		{EDF69F51-B0AB-481E-AB94-A3762D438EE7}.Release|Any CPU.ActiveCfg = Release|Any CPU
		{EDF69F51-B0AB-481E-AB94-A3762D438EE7}.Release|Any CPU.Build.0 = Release|Any CPU
		{26C12CE8-2C7B-4F2E-B595-7511E38F401E}.Debug|Any CPU.ActiveCfg = Debug|Any CPU
		{26C12CE8-2C7B-4F2E-B595-7511E38F401E}.Debug|Any CPU.Build.0 = Debug|Any CPU
		{26C12CE8-2C7B-4F2E-B595-7511E38F401E}.Release|Any CPU.ActiveCfg = Release|Any CPU
		{26C12CE8-2C7B-4F2E-B595-7511E38F401E}.Release|Any CPU.Build.0 = Release|Any CPU
	EndGlobalSection
	GlobalSection(SolutionProperties) = preSolution
		HideSolutionNode = FALSE
	EndGlobalSection
	GlobalSection(ExtensibilityGlobals) = postSolution
		SolutionGuid = {F23AAADB-AE6A-43CE-BED9-D2CE687165A5}
	EndGlobalSection
EndGlobal
